// !$*UTF8*$!
{
	archiveVersion = 1;
	classes = {
	};
	objectVersion = 56;
	objects = {

/* Begin PBXBuildFile section */
		55F563C62BAA0AB5005F87AF /* WomTestApp.swift in Sources */ = {isa = PBXBuildFile; fileRef = 55F563C52BAA0AB5005F87AF /* WomTestApp.swift */; };
		55F563C82BAA0AB5005F87AF /* MusicListView.swift in Sources */ = {isa = PBXBuildFile; fileRef = 55F563C72BAA0AB5005F87AF /* MusicListView.swift */; };
		55F563CA2BAA0AB7005F87AF /* Assets.xcassets in Resources */ = {isa = PBXBuildFile; fileRef = 55F563C92BAA0AB7005F87AF /* Assets.xcassets */; };
		55F563CD2BAA0AB7005F87AF /* Preview Assets.xcassets in Resources */ = {isa = PBXBuildFile; fileRef = 55F563CC2BAA0AB7005F87AF /* Preview Assets.xcassets */; };
		55F563D72BAA0AB7005F87AF /* WomTestTests.swift in Sources */ = {isa = PBXBuildFile; fileRef = 55F563D62BAA0AB7005F87AF /* WomTestTests.swift */; };
		55F563E12BAA0AB7005F87AF /* WomTestUITests.swift in Sources */ = {isa = PBXBuildFile; fileRef = 55F563E02BAA0AB7005F87AF /* WomTestUITests.swift */; };
		55F563E32BAA0AB7005F87AF /* WomTestUITestsLaunchTests.swift in Sources */ = {isa = PBXBuildFile; fileRef = 55F563E22BAA0AB7005F87AF /* WomTestUITestsLaunchTests.swift */; };
/* End PBXBuildFile section */

/* Begin PBXContainerItemProxy section */
		55F563D32BAA0AB7005F87AF /* PBXContainerItemProxy */ = {
			isa = PBXContainerItemProxy;
			containerPortal = 55F563BA2BAA0AB5005F87AF /* Project object */;
			proxyType = 1;
			remoteGlobalIDString = 55F563C12BAA0AB5005F87AF;
			remoteInfo = WomTest;
		};
		55F563DD2BAA0AB7005F87AF /* PBXContainerItemProxy */ = {
			isa = PBXContainerItemProxy;
			containerPortal = 55F563BA2BAA0AB5005F87AF /* Project object */;
			proxyType = 1;
			remoteGlobalIDString = 55F563C12BAA0AB5005F87AF;
			remoteInfo = WomTest;
		};
/* End PBXContainerItemProxy section */

/* Begin PBXFileReference section */
		55F563C22BAA0AB5005F87AF /* WomTest.app */ = {isa = PBXFileReference; explicitFileType = wrapper.application; includeInIndex = 0; path = WomTest.app; sourceTree = BUILT_PRODUCTS_DIR; };
		55F563C52BAA0AB5005F87AF /* WomTestApp.swift */ = {isa = PBXFileReference; lastKnownFileType = sourcecode.swift; path = WomTestApp.swift; sourceTree = "<group>"; };
		55F563C72BAA0AB5005F87AF /* MusicListView.swift */ = {isa = PBXFileReference; lastKnownFileType = sourcecode.swift; path = MusicListView.swift; sourceTree = "<group>"; };
		55F563C92BAA0AB7005F87AF /* Assets.xcassets */ = {isa = PBXFileReference; lastKnownFileType = folder.assetcatalog; path = Assets.xcassets; sourceTree = "<group>"; };
		55F563CC2BAA0AB7005F87AF /* Preview Assets.xcassets */ = {isa = PBXFileReference; lastKnownFileType = folder.assetcatalog; path = "Preview Assets.xcassets"; sourceTree = "<group>"; };
		55F563D22BAA0AB7005F87AF /* WomTestTests.xctest */ = {isa = PBXFileReference; explicitFileType = wrapper.cfbundle; includeInIndex = 0; path = WomTestTests.xctest; sourceTree = BUILT_PRODUCTS_DIR; };
		55F563D62BAA0AB7005F87AF /* WomTestTests.swift */ = {isa = PBXFileReference; lastKnownFileType = sourcecode.swift; path = WomTestTests.swift; sourceTree = "<group>"; };
		55F563DC2BAA0AB7005F87AF /* WomTestUITests.xctest */ = {isa = PBXFileReference; explicitFileType = wrapper.cfbundle; includeInIndex = 0; path = WomTestUITests.xctest; sourceTree = BUILT_PRODUCTS_DIR; };
		55F563E02BAA0AB7005F87AF /* WomTestUITests.swift */ = {isa = PBXFileReference; lastKnownFileType = sourcecode.swift; path = WomTestUITests.swift; sourceTree = "<group>"; };
		55F563E22BAA0AB7005F87AF /* WomTestUITestsLaunchTests.swift */ = {isa = PBXFileReference; lastKnownFileType = sourcecode.swift; path = WomTestUITestsLaunchTests.swift; sourceTree = "<group>"; };
/* End PBXFileReference section */

/* Begin PBXFrameworksBuildPhase section */
		55F563BF2BAA0AB5005F87AF /* Frameworks */ = {
			isa = PBXFrameworksBuildPhase;
			buildActionMask = 2147483647;
			files = (
			);
			runOnlyForDeploymentPostprocessing = 0;
		};
		55F563CF2BAA0AB7005F87AF /* Frameworks */ = {
			isa = PBXFrameworksBuildPhase;
			buildActionMask = 2147483647;
			files = (
			);
			runOnlyForDeploymentPostprocessing = 0;
		};
		55F563D92BAA0AB7005F87AF /* Frameworks */ = {
			isa = PBXFrameworksBuildPhase;
			buildActionMask = 2147483647;
			files = (
			);
			runOnlyForDeploymentPostprocessing = 0;
		};
/* End PBXFrameworksBuildPhase section */

/* Begin PBXGroup section */
		55F563B92BAA0AB5005F87AF = {
			isa = PBXGroup;
			children = (
				55F563C42BAA0AB5005F87AF /* WomTest */,
				55F563D52BAA0AB7005F87AF /* WomTestTests */,
				55F563DF2BAA0AB7005F87AF /* WomTestUITests */,
				55F563C32BAA0AB5005F87AF /* Products */,
			);
			sourceTree = "<group>";
		};
		55F563C32BAA0AB5005F87AF /* Products */ = {
			isa = PBXGroup;
			children = (
				55F563C22BAA0AB5005F87AF /* WomTest.app */,
				55F563D22BAA0AB7005F87AF /* WomTestTests.xctest */,
				55F563DC2BAA0AB7005F87AF /* WomTestUITests.xctest */,
			);
			name = Products;
			sourceTree = "<group>";
		};
		55F563C42BAA0AB5005F87AF /* WomTest */ = {
			isa = PBXGroup;
			children = (
				55F563C52BAA0AB5005F87AF /* WomTestApp.swift */,
				55F563C72BAA0AB5005F87AF /* MusicListView.swift */,
				55F563C92BAA0AB7005F87AF /* Assets.xcassets */,
				55F563CB2BAA0AB7005F87AF /* Preview Content */,
			);
			path = WomTest;
			sourceTree = "<group>";
		};
		55F563CB2BAA0AB7005F87AF /* Preview Content */ = {
			isa = PBXGroup;
			children = (
				55F563CC2BAA0AB7005F87AF /* Preview Assets.xcassets */,
			);
			path = "Preview Content";
			sourceTree = "<group>";
		};
		55F563D52BAA0AB7005F87AF /* WomTestTests */ = {
			isa = PBXGroup;
			children = (
				55F563D62BAA0AB7005F87AF /* WomTestTests.swift */,
			);
			path = WomTestTests;
			sourceTree = "<group>";
		};
		55F563DF2BAA0AB7005F87AF /* WomTestUITests */ = {
			isa = PBXGroup;
			children = (
				55F563E02BAA0AB7005F87AF /* WomTestUITests.swift */,
				55F563E22BAA0AB7005F87AF /* WomTestUITestsLaunchTests.swift */,
			);
			path = WomTestUITests;
			sourceTree = "<group>";
		};
/* End PBXGroup section */

/* Begin PBXNativeTarget section */
		55F563C12BAA0AB5005F87AF /* WomTest */ = {
			isa = PBXNativeTarget;
			buildConfigurationList = 55F563E62BAA0AB7005F87AF /* Build configuration list for PBXNativeTarget "WomTest" */;
			buildPhases = (
				55F563BE2BAA0AB5005F87AF /* Sources */,
				55F563BF2BAA0AB5005F87AF /* Frameworks */,
				55F563C02BAA0AB5005F87AF /* Resources */,
			);
			buildRules = (
			);
			dependencies = (
			);
			name = WomTest;
			productName = WomTest;
			productReference = 55F563C22BAA0AB5005F87AF /* WomTest.app */;
			productType = "com.apple.product-type.application";
		};
		55F563D12BAA0AB7005F87AF /* WomTestTests */ = {
			isa = PBXNativeTarget;
			buildConfigurationList = 55F563E92BAA0AB7005F87AF /* Build configuration list for PBXNativeTarget "WomTestTests" */;
			buildPhases = (
				55F563CE2BAA0AB7005F87AF /* Sources */,
				55F563CF2BAA0AB7005F87AF /* Frameworks */,
				55F563D02BAA0AB7005F87AF /* Resources */,
			);
			buildRules = (
			);
			dependencies = (
				55F563D42BAA0AB7005F87AF /* PBXTargetDependency */,
			);
			name = WomTestTests;
			productName = WomTestTests;
			productReference = 55F563D22BAA0AB7005F87AF /* WomTestTests.xctest */;
			productType = "com.apple.product-type.bundle.unit-test";
		};
		55F563DB2BAA0AB7005F87AF /* WomTestUITests */ = {
			isa = PBXNativeTarget;
			buildConfigurationList = 55F563EC2BAA0AB7005F87AF /* Build configuration list for PBXNativeTarget "WomTestUITests" */;
			buildPhases = (
				55F563D82BAA0AB7005F87AF /* Sources */,
				55F563D92BAA0AB7005F87AF /* Frameworks */,
				55F563DA2BAA0AB7005F87AF /* Resources */,
			);
			buildRules = (
			);
			dependencies = (
				55F563DE2BAA0AB7005F87AF /* PBXTargetDependency */,
			);
			name = WomTestUITests;
			productName = WomTestUITests;
			productReference = 55F563DC2BAA0AB7005F87AF /* WomTestUITests.xctest */;
			productType = "com.apple.product-type.bundle.ui-testing";
		};
/* End PBXNativeTarget section */

/* Begin PBXProject section */
		55F563BA2BAA0AB5005F87AF /* Project object */ = {
			isa = PBXProject;
			attributes = {
				BuildIndependentTargetsInParallel = 1;
				LastSwiftUpdateCheck = 1520;
				LastUpgradeCheck = 1520;
				TargetAttributes = {
					55F563C12BAA0AB5005F87AF = {
						CreatedOnToolsVersion = 15.2;
					};
					55F563D12BAA0AB7005F87AF = {
						CreatedOnToolsVersion = 15.2;
						TestTargetID = 55F563C12BAA0AB5005F87AF;
					};
					55F563DB2BAA0AB7005F87AF = {
						CreatedOnToolsVersion = 15.2;
						TestTargetID = 55F563C12BAA0AB5005F87AF;
					};
				};
			};
			buildConfigurationList = 55F563BD2BAA0AB5005F87AF /* Build configuration list for PBXProject "WomTest" */;
			compatibilityVersion = "Xcode 14.0";
			developmentRegion = en;
			hasScannedForEncodings = 0;
			knownRegions = (
				en,
				Base,
			);
			mainGroup = 55F563B92BAA0AB5005F87AF;
			productRefGroup = 55F563C32BAA0AB5005F87AF /* Products */;
			projectDirPath = "";
			projectRoot = "";
			targets = (
				55F563C12BAA0AB5005F87AF /* WomTest */,
				55F563D12BAA0AB7005F87AF /* WomTestTests */,
				55F563DB2BAA0AB7005F87AF /* WomTestUITests */,
			);
		};
/* End PBXProject section */

/* Begin PBXResourcesBuildPhase section */
		55F563C02BAA0AB5005F87AF /* Resources */ = {
			isa = PBXResourcesBuildPhase;
			buildActionMask = 2147483647;
			files = (
				55F563CD2BAA0AB7005F87AF /* Preview Assets.xcassets in Resources */,
				55F563CA2BAA0AB7005F87AF /* Assets.xcassets in Resources */,
			);
			runOnlyForDeploymentPostprocessing = 0;
		};
		55F563D02BAA0AB7005F87AF /* Resources */ = {
			isa = PBXResourcesBuildPhase;
			buildActionMask = 2147483647;
			files = (
			);
			runOnlyForDeploymentPostprocessing = 0;
		};
		55F563DA2BAA0AB7005F87AF /* Resources */ = {
			isa = PBXResourcesBuildPhase;
			buildActionMask = 2147483647;
			files = (
			);
			runOnlyForDeploymentPostprocessing = 0;
		};
/* End PBXResourcesBuildPhase section */

/* Begin PBXSourcesBuildPhase section */
		55F563BE2BAA0AB5005F87AF /* Sources */ = {
			isa = PBXSourcesBuildPhase;
			buildActionMask = 2147483647;
			files = (
				55F563C82BAA0AB5005F87AF /* MusicListView.swift in Sources */,
				55F563C62BAA0AB5005F87AF /* WomTestApp.swift in Sources */,
			);
			runOnlyForDeploymentPostprocessing = 0;
		};
		55F563CE2BAA0AB7005F87AF /* Sources */ = {
			isa = PBXSourcesBuildPhase;
			buildActionMask = 2147483647;
			files = (
				55F563D72BAA0AB7005F87AF /* WomTestTests.swift in Sources */,
			);
			runOnlyForDeploymentPostprocessing = 0;
		};
		55F563D82BAA0AB7005F87AF /* Sources */ = {
			isa = PBXSourcesBuildPhase;
			buildActionMask = 2147483647;
			files = (
				55F563E32BAA0AB7005F87AF /* WomTestUITestsLaunchTests.swift in Sources */,
				55F563E12BAA0AB7005F87AF /* WomTestUITests.swift in Sources */,
			);
			runOnlyForDeploymentPostprocessing = 0;
		};
/* End PBXSourcesBuildPhase section */

/* Begin PBXTargetDependency section */
		55F563D42BAA0AB7005F87AF /* PBXTargetDependency */ = {
			isa = PBXTargetDependency;
			target = 55F563C12BAA0AB5005F87AF /* WomTest */;
			targetProxy = 55F563D32BAA0AB7005F87AF /* PBXContainerItemProxy */;
		};
		55F563DE2BAA0AB7005F87AF /* PBXTargetDependency */ = {
			isa = PBXTargetDependency;
			target = 55F563C12BAA0AB5005F87AF /* WomTest */;
			targetProxy = 55F563DD2BAA0AB7005F87AF /* PBXContainerItemProxy */;
		};
/* End PBXTargetDependency section */

/* Begin XCBuildConfiguration section */
		55F563E42BAA0AB7005F87AF /* Debug */ = {
			isa = XCBuildConfiguration;
			buildSettings = {
				ALWAYS_SEARCH_USER_PATHS = NO;
				ASSETCATALOG_COMPILER_GENERATE_SWIFT_ASSET_SYMBOL_EXTENSIONS = YES;
				CLANG_ANALYZER_NONNULL = YES;
				CLANG_ANALYZER_NUMBER_OBJECT_CONVERSION = YES_AGGRESSIVE;
				CLANG_CXX_LANGUAGE_STANDARD = "gnu++20";
				CLANG_ENABLE_MODULES = YES;
				CLANG_ENABLE_OBJC_ARC = YES;
				CLANG_ENABLE_OBJC_WEAK = YES;
				CLANG_WARN_BLOCK_CAPTURE_AUTORELEASING = YES;
				CLANG_WARN_BOOL_CONVERSION = YES;
				CLANG_WARN_COMMA = YES;
				CLANG_WARN_CONSTANT_CONVERSION = YES;
				CLANG_WARN_DEPRECATED_OBJC_IMPLEMENTATIONS = YES;
				CLANG_WARN_DIRECT_OBJC_ISA_USAGE = YES_ERROR;
				CLANG_WARN_DOCUMENTATION_COMMENTS = YES;
				CLANG_WARN_EMPTY_BODY = YES;
				CLANG_WARN_ENUM_CONVERSION = YES;
				CLANG_WARN_INFINITE_RECURSION = YES;
				CLANG_WARN_INT_CONVERSION = YES;
				CLANG_WARN_NON_LITERAL_NULL_CONVERSION = YES;
				CLANG_WARN_OBJC_IMPLICIT_RETAIN_SELF = YES;
				CLANG_WARN_OBJC_LITERAL_CONVERSION = YES;
				CLANG_WARN_OBJC_ROOT_CLASS = YES_ERROR;
				CLANG_WARN_QUOTED_INCLUDE_IN_FRAMEWORK_HEADER = YES;
				CLANG_WARN_RANGE_LOOP_ANALYSIS = YES;
				CLANG_WARN_STRICT_PROTOTYPES = YES;
				CLANG_WARN_SUSPICIOUS_MOVE = YES;
				CLANG_WARN_UNGUARDED_AVAILABILITY = YES_AGGRESSIVE;
				CLANG_WARN_UNREACHABLE_CODE = YES;
				CLANG_WARN__DUPLICATE_METHOD_MATCH = YES;
				COPY_PHASE_STRIP = NO;
				DEBUG_INFORMATION_FORMAT = dwarf;
				ENABLE_STRICT_OBJC_MSGSEND = YES;
				ENABLE_TESTABILITY = YES;
				ENABLE_USER_SCRIPT_SANDBOXING = YES;
				GCC_C_LANGUAGE_STANDARD = gnu17;
				GCC_DYNAMIC_NO_PIC = NO;
				GCC_NO_COMMON_BLOCKS = YES;
				GCC_OPTIMIZATION_LEVEL = 0;
				GCC_PREPROCESSOR_DEFINITIONS = (
					"DEBUG=1",
					"$(inherited)",
				);
				GCC_WARN_64_TO_32_BIT_CONVERSION = YES;
				GCC_WARN_ABOUT_RETURN_TYPE = YES_ERROR;
				GCC_WARN_UNDECLARED_SELECTOR = YES;
				GCC_WARN_UNINITIALIZED_AUTOS = YES_AGGRESSIVE;
				GCC_WARN_UNUSED_FUNCTION = YES;
				GCC_WARN_UNUSED_VARIABLE = YES;
				IPHONEOS_DEPLOYMENT_TARGET = 17.2;
				LOCALIZATION_PREFERS_STRING_CATALOGS = YES;
				MTL_ENABLE_DEBUG_INFO = INCLUDE_SOURCE;
				MTL_FAST_MATH = YES;
				ONLY_ACTIVE_ARCH = YES;
				SDKROOT = iphoneos;
				SWIFT_ACTIVE_COMPILATION_CONDITIONS = "DEBUG $(inherited)";
				SWIFT_OPTIMIZATION_LEVEL = "-Onone";
			};
			name = Debug;
		};
		55F563E52BAA0AB7005F87AF /* Release */ = {
			isa = XCBuildConfiguration;
			buildSettings = {
				ALWAYS_SEARCH_USER_PATHS = NO;
				ASSETCATALOG_COMPILER_GENERATE_SWIFT_ASSET_SYMBOL_EXTENSIONS = YES;
				CLANG_ANALYZER_NONNULL = YES;
				CLANG_ANALYZER_NUMBER_OBJECT_CONVERSION = YES_AGGRESSIVE;
				CLANG_CXX_LANGUAGE_STANDARD = "gnu++20";
				CLANG_ENABLE_MODULES = YES;
				CLANG_ENABLE_OBJC_ARC = YES;
				CLANG_ENABLE_OBJC_WEAK = YES;
				CLANG_WARN_BLOCK_CAPTURE_AUTORELEASING = YES;
				CLANG_WARN_BOOL_CONVERSION = YES;
				CLANG_WARN_COMMA = YES;
				CLANG_WARN_CONSTANT_CONVERSION = YES;
				CLANG_WARN_DEPRECATED_OBJC_IMPLEMENTATIONS = YES;
				CLANG_WARN_DIRECT_OBJC_ISA_USAGE = YES_ERROR;
				CLANG_WARN_DOCUMENTATION_COMMENTS = YES;
				CLANG_WARN_EMPTY_BODY = YES;
				CLANG_WARN_ENUM_CONVERSION = YES;
				CLANG_WARN_INFINITE_RECURSION = YES;
				CLANG_WARN_INT_CONVERSION = YES;
				CLANG_WARN_NON_LITERAL_NULL_CONVERSION = YES;
				CLANG_WARN_OBJC_IMPLICIT_RETAIN_SELF = YES;
				CLANG_WARN_OBJC_LITERAL_CONVERSION = YES;
				CLANG_WARN_OBJC_ROOT_CLASS = YES_ERROR;
				CLANG_WARN_QUOTED_INCLUDE_IN_FRAMEWORK_HEADER = YES;
				CLANG_WARN_RANGE_LOOP_ANALYSIS = YES;
				CLANG_WARN_STRICT_PROTOTYPES = YES;
				CLANG_WARN_SUSPICIOUS_MOVE = YES;
				CLANG_WARN_UNGUARDED_AVAILABILITY = YES_AGGRESSIVE;
				CLANG_WARN_UNREACHABLE_CODE = YES;
				CLANG_WARN__DUPLICATE_METHOD_MATCH = YES;
				COPY_PHASE_STRIP = NO;
				DEBUG_INFORMATION_FORMAT = "dwarf-with-dsym";
				ENABLE_NS_ASSERTIONS = NO;
				ENABLE_STRICT_OBJC_MSGSEND = YES;
				ENABLE_USER_SCRIPT_SANDBOXING = YES;
				GCC_C_LANGUAGE_STANDARD = gnu17;
				GCC_NO_COMMON_BLOCKS = YES;
				GCC_WARN_64_TO_32_BIT_CONVERSION = YES;
				GCC_WARN_ABOUT_RETURN_TYPE = YES_ERROR;
				GCC_WARN_UNDECLARED_SELECTOR = YES;
				GCC_WARN_UNINITIALIZED_AUTOS = YES_AGGRESSIVE;
				GCC_WARN_UNUSED_FUNCTION = YES;
				GCC_WARN_UNUSED_VARIABLE = YES;
				IPHONEOS_DEPLOYMENT_TARGET = 17.2;
				LOCALIZATION_PREFERS_STRING_CATALOGS = YES;
				MTL_ENABLE_DEBUG_INFO = NO;
				MTL_FAST_MATH = YES;
				SDKROOT = iphoneos;
				SWIFT_COMPILATION_MODE = wholemodule;
				VALIDATE_PRODUCT = YES;
			};
			name = Release;
		};
		55F563E72BAA0AB7005F87AF /* Debug */ = {
			isa = XCBuildConfiguration;
			buildSettings = {
				ASSETCATALOG_COMPILER_APPICON_NAME = AppIcon;
				ASSETCATALOG_COMPILER_GLOBAL_ACCENT_COLOR_NAME = AccentColor;
				CODE_SIGN_STYLE = Automatic;
				CURRENT_PROJECT_VERSION = 1;
				DEVELOPMENT_ASSET_PATHS = "\"WomTest/Preview Content\"";
				DEVELOPMENT_TEAM = R225QJ37B4;
				ENABLE_PREVIEWS = YES;
				GENERATE_INFOPLIST_FILE = YES;
				INFOPLIST_KEY_UIApplicationSceneManifest_Generation = YES;
				INFOPLIST_KEY_UIApplicationSupportsIndirectInputEvents = YES;
				INFOPLIST_KEY_UILaunchScreen_Generation = YES;
				INFOPLIST_KEY_UISupportedInterfaceOrientations_iPad = "UIInterfaceOrientationPortrait UIInterfaceOrientationPortraitUpsideDown UIInterfaceOrientationLandscapeLeft UIInterfaceOrientationLandscapeRight";
				INFOPLIST_KEY_UISupportedInterfaceOrientations_iPhone = "UIInterfaceOrientationPortrait UIInterfaceOrientationLandscapeLeft UIInterfaceOrientationLandscapeRight";
				LD_RUNPATH_SEARCH_PATHS = (
					"$(inherited)",
					"@executable_path/Frameworks",
				);
				MARKETING_VERSION = 1.0;
				PRODUCT_BUNDLE_IDENTIFIER = com.test.mapia.WomTest;
				PRODUCT_NAME = "$(TARGET_NAME)";
				SWIFT_EMIT_LOC_STRINGS = YES;
				SWIFT_VERSION = 5.0;
				TARGETED_DEVICE_FAMILY = "1,2";
			};
			name = Debug;
		};
		55F563E82BAA0AB7005F87AF /* Release */ = {
			isa = XCBuildConfiguration;
			buildSettings = {
				ASSETCATALOG_COMPILER_APPICON_NAME = AppIcon;
				ASSETCATALOG_COMPILER_GLOBAL_ACCENT_COLOR_NAME = AccentColor;
				CODE_SIGN_STYLE = Automatic;
				CURRENT_PROJECT_VERSION = 1;
				DEVELOPMENT_ASSET_PATHS = "\"WomTest/Preview Content\"";
				DEVELOPMENT_TEAM = R225QJ37B4;
				ENABLE_PREVIEWS = YES;
				GENERATE_INFOPLIST_FILE = YES;
				INFOPLIST_KEY_UIApplicationSceneManifest_Generation = YES;
				INFOPLIST_KEY_UIApplicationSupportsIndirectInputEvents = YES;
				INFOPLIST_KEY_UILaunchScreen_Generation = YES;
				INFOPLIST_KEY_UISupportedInterfaceOrientations_iPad = "UIInterfaceOrientationPortrait UIInterfaceOrientationPortraitUpsideDown UIInterfaceOrientationLandscapeLeft UIInterfaceOrientationLandscapeRight";
				INFOPLIST_KEY_UISupportedInterfaceOrientations_iPhone = "UIInterfaceOrientationPortrait UIInterfaceOrientationLandscapeLeft UIInterfaceOrientationLandscapeRight";
				LD_RUNPATH_SEARCH_PATHS = (
					"$(inherited)",
					"@executable_path/Frameworks",
				);
				MARKETING_VERSION = 1.0;
				PRODUCT_BUNDLE_IDENTIFIER = com.test.mapia.WomTest;
				PRODUCT_NAME = "$(TARGET_NAME)";
				SWIFT_EMIT_LOC_STRINGS = YES;
				SWIFT_VERSION = 5.0;
				TARGETED_DEVICE_FAMILY = "1,2";
			};
			name = Release;
		};
		55F563EA2BAA0AB7005F87AF /* Debug */ = {
			isa = XCBuildConfiguration;
			buildSettings = {
				ALWAYS_EMBED_SWIFT_STANDARD_LIBRARIES = YES;
				BUNDLE_LOADER = "$(TEST_HOST)";
				CODE_SIGN_STYLE = Automatic;
				CURRENT_PROJECT_VERSION = 1;
				DEVELOPMENT_TEAM = R225QJ37B4;
				GENERATE_INFOPLIST_FILE = YES;
				IPHONEOS_DEPLOYMENT_TARGET = 17.2;
				MARKETING_VERSION = 1.0;
				PRODUCT_BUNDLE_IDENTIFIER = com.test.mapia.WomTestTests;
				PRODUCT_NAME = "$(TARGET_NAME)";
				SWIFT_EMIT_LOC_STRINGS = NO;
				SWIFT_VERSION = 5.0;
				TARGETED_DEVICE_FAMILY = "1,2";
				TEST_HOST = "$(BUILT_PRODUCTS_DIR)/WomTest.app/$(BUNDLE_EXECUTABLE_FOLDER_PATH)/WomTest";
			};
			name = Debug;
		};
		55F563EB2BAA0AB7005F87AF /* Release */ = {
			isa = XCBuildConfiguration;
			buildSettings = {
				ALWAYS_EMBED_SWIFT_STANDARD_LIBRARIES = YES;
				BUNDLE_LOADER = "$(TEST_HOST)";
				CODE_SIGN_STYLE = Automatic;
				CURRENT_PROJECT_VERSION = 1;
				DEVELOPMENT_TEAM = R225QJ37B4;
				GENERATE_INFOPLIST_FILE = YES;
				IPHONEOS_DEPLOYMENT_TARGET = 17.2;
				MARKETING_VERSION = 1.0;
				PRODUCT_BUNDLE_IDENTIFIER = com.test.mapia.WomTestTests;
				PRODUCT_NAME = "$(TARGET_NAME)";
				SWIFT_EMIT_LOC_STRINGS = NO;
				SWIFT_VERSION = 5.0;
				TARGETED_DEVICE_FAMILY = "1,2";
				TEST_HOST = "$(BUILT_PRODUCTS_DIR)/WomTest.app/$(BUNDLE_EXECUTABLE_FOLDER_PATH)/WomTest";
			};
			name = Release;
		};
		55F563ED2BAA0AB7005F87AF /* Debug */ = {
			isa = XCBuildConfiguration;
			buildSettings = {
				ALWAYS_EMBED_SWIFT_STANDARD_LIBRARIES = YES;
				CODE_SIGN_STYLE = Automatic;
				CURRENT_PROJECT_VERSION = 1;
				DEVELOPMENT_TEAM = R225QJ37B4;
				GENERATE_INFOPLIST_FILE = YES;
				MARKETING_VERSION = 1.0;
				PRODUCT_BUNDLE_IDENTIFIER = com.test.mapia.WomTestUITests;
				PRODUCT_NAME = "$(TARGET_NAME)";
				SWIFT_EMIT_LOC_STRINGS = NO;
				SWIFT_VERSION = 5.0;
				TARGETED_DEVICE_FAMILY = "1,2";
				TEST_TARGET_NAME = WomTest;
			};
			name = Debug;
		};
		55F563EE2BAA0AB7005F87AF /* Release */ = {
			isa = XCBuildConfiguration;
			buildSettings = {
				ALWAYS_EMBED_SWIFT_STANDARD_LIBRARIES = YES;
				CODE_SIGN_STYLE = Automatic;
				CURRENT_PROJECT_VERSION = 1;
				DEVELOPMENT_TEAM = R225QJ37B4;
				GENERATE_INFOPLIST_FILE = YES;
				MARKETING_VERSION = 1.0;
				PRODUCT_BUNDLE_IDENTIFIER = com.test.mapia.WomTestUITests;
				PRODUCT_NAME = "$(TARGET_NAME)";
				SWIFT_EMIT_LOC_STRINGS = NO;
				SWIFT_VERSION = 5.0;
				TARGETED_DEVICE_FAMILY = "1,2";
				TEST_TARGET_NAME = WomTest;
			};
			name = Release;
		};
/* End XCBuildConfiguration section */

/* Begin XCConfigurationList section */
		55F563BD2BAA0AB5005F87AF /* Build configuration list for PBXProject "WomTest" */ = {
			isa = XCConfigurationList;
			buildConfigurations = (
				55F563E42BAA0AB7005F87AF /* Debug */,
				55F563E52BAA0AB7005F87AF /* Release */,
			);
			defaultConfigurationIsVisible = 0;
			defaultConfigurationName = Release;
		};
		55F563E62BAA0AB7005F87AF /* Build configuration list for PBXNativeTarget "WomTest" */ = {
			isa = XCConfigurationList;
			buildConfigurations = (
				55F563E72BAA0AB7005F87AF /* Debug */,
				55F563E82BAA0AB7005F87AF /* Release */,
			);
			defaultConfigurationIsVisible = 0;
			defaultConfigurationName = Release;
		};
		55F563E92BAA0AB7005F87AF /* Build configuration list for PBXNativeTarget "WomTestTests" */ = {
			isa = XCConfigurationList;
			buildConfigurations = (
				55F563EA2BAA0AB7005F87AF /* Debug */,
				55F563EB2BAA0AB7005F87AF /* Release */,
			);
			defaultConfigurationIsVisible = 0;
			defaultConfigurationName = Release;
		};
		55F563EC2BAA0AB7005F87AF /* Build configuration list for PBXNativeTarget "WomTestUITests" */ = {
			isa = XCConfigurationList;
			buildConfigurations = (
				55F563ED2BAA0AB7005F87AF /* Debug */,
				55F563EE2BAA0AB7005F87AF /* Release */,
			);
			defaultConfigurationIsVisible = 0;
			defaultConfigurationName = Release;
		};
/* End XCConfigurationList section */
	};
	rootObject = 55F563BA2BAA0AB5005F87AF /* Project object */;
}
